<?xml version="1.0" encoding="utf-8"?>
<Project ToolsVersion="4.0" xmlns="http://schemas.microsoft.com/developer/msbuild/2003">
  <ItemGroup>
    <ClCompile Include="game.cpp" />
    <ClCompile Include="surface.cpp">
      <Filter>template code</Filter>
    </ClCompile>
    <ClCompile Include="template.cpp">
      <Filter>template code</Filter>
    </ClCompile>
    <ClCompile Include="TileMap.cpp" />
    <ClCompile Include="TileMapData.cpp" />
    <ClCompile Include="CharacterController.cpp">
      <Filter>Character</Filter>
    </ClCompile>
    <ClCompile Include="Character.cpp">
      <Filter>Character</Filter>
    </ClCompile>
    <ClCompile Include="CharacterShooter.cpp">
      <Filter>Character</Filter>
    </ClCompile>
    <ClCompile Include="Input.cpp">
      <Filter>Character</Filter>
    </ClCompile>
    <ClCompile Include="Snowball.cpp" />
    <ClCompile Include="SantaCharacter.cpp">
      <Filter>Character</Filter>
    </ClCompile>
    <ClCompile Include="ImpCharacter.cpp" />
  </ItemGroup>
  <ItemGroup>
    <ClInclude Include="game.h" />
    <ClInclude Include="surface.h">
      <Filter>template code</Filter>
    </ClInclude>
    <ClInclude Include="template.h">
      <Filter>template code</Filter>
    </ClInclude>
    <ClInclude Include="TileMap.h" />
    <ClInclude Include="TileMapData.h" />
    <ClInclude Include="Character.h">
      <Filter>Character</Filter>
    </ClInclude>
    <ClInclude Include="CharacterController.h">
      <Filter>Character</Filter>
    </ClInclude>
    <ClInclude Include="CharacterShooter.h">
      <Filter>Character</Filter>
    </ClInclude>
    <ClInclude Include="IInput.h">
      <Filter>Character</Filter>
    </ClInclude>
    <ClInclude Include="Input.h">
      <Filter>Character</Filter>
    </ClInclude>
    <ClInclude Include="IShooter.h">
      <Filter>Character</Filter>
    </ClInclude>
    <ClInclude Include="Snowball.h" />
    <ClInclude Include="SantaCharacter.h">
      <Filter>Character</Filter>
    </ClInclude>
    <ClInclude Include="IUpdatable.h" />
    <ClInclude Include="IDrawable.h" />
    <ClInclude Include="ImpCharacter.h" />
  </ItemGroup>
  <ItemGroup>
    <Filter Include="template code">
      <UniqueIdentifier>{bf32dd6e-4be7-4889-8ac6-49e7ee163c40}</UniqueIdentifier>
    </Filter>
    <Filter Include="Character">
      <UniqueIdentifier>{f83c9cc6-31df-48b6-aac9-8aa13adb9410}</UniqueIdentifier>
    </Filter>
  </ItemGroup>
  <ItemGroup>
    <Text Include="_readme.txt">
      <Filter>template code</Filter>
    </Text>
  </ItemGroup>
</Project>