<?xml version="1.0" encoding="utf-8"?>
<Project ToolsVersion="4.0" xmlns="http://schemas.microsoft.com/developer/msbuild/2003">
  <ItemGroup>
    <ClCompile Include="Game.cpp" />
    <ClCompile Include="surface.cpp">
      <Filter>template code</Filter>
    </ClCompile>
    <ClCompile Include="template.cpp">
      <Filter>template code</Filter>
    </ClCompile>
    <ClCompile Include="CharacterController.cpp">
      <Filter>Character</Filter>
    </ClCompile>
    <ClCompile Include="Character.cpp">
      <Filter>Character</Filter>
    </ClCompile>
    <ClCompile Include="SantaCharacter.cpp">
      <Filter>Character</Filter>
    </ClCompile>
    <ClCompile Include="ImpCharacter.cpp">
      <Filter>Character</Filter>
    </ClCompile>
    <ClCompile Include="ProximityFollower.cpp">
      <Filter>Character</Filter>
    </ClCompile>
    <ClCompile Include="TileMap.cpp">
      <Filter>Tilemap</Filter>
    </ClCompile>
    <ClCompile Include="TileMapData.cpp">
      <Filter>Tilemap</Filter>
    </ClCompile>
    <ClCompile Include="CollisionHandler.cpp">
      <Filter>Collisions</Filter>
    </ClCompile>
    <ClCompile Include="Collider.cpp">
      <Filter>Collisions</Filter>
    </ClCompile>
    <ClCompile Include="Input.cpp">
      <Filter>Input</Filter>
    </ClCompile>
    <ClCompile Include="CharacterShooter.cpp">
      <Filter>Projectiles</Filter>
    </ClCompile>
    <ClCompile Include="Snowball.cpp">
      <Filter>Projectiles</Filter>
    </ClCompile>
    <ClCompile Include="Rect.cpp">
      <Filter>Util</Filter>
    </ClCompile>
    <ClCompile Include="Present.cpp">
      <Filter>Presents</Filter>
    </ClCompile>
    <ClCompile Include="PresentFactory.cpp">
      <Filter>Presents</Filter>
    </ClCompile>
    <ClCompile Include="RandomPlacementGenerator.cpp" />
  </ItemGroup>
  <ItemGroup>
    <ClInclude Include="Game.h" />
    <ClInclude Include="surface.h">
      <Filter>template code</Filter>
    </ClInclude>
    <ClInclude Include="template.h">
      <Filter>template code</Filter>
    </ClInclude>
    <ClInclude Include="Character.h">
      <Filter>Character</Filter>
    </ClInclude>
    <ClInclude Include="CharacterController.h">
      <Filter>Character</Filter>
    </ClInclude>
    <ClInclude Include="SantaCharacter.h">
      <Filter>Character</Filter>
    </ClInclude>
    <ClInclude Include="ImpCharacter.h">
      <Filter>Character</Filter>
    </ClInclude>
    <ClInclude Include="ProximityFollower.h">
      <Filter>Character</Filter>
    </ClInclude>
    <ClInclude Include="TileMap.h">
      <Filter>Tilemap</Filter>
    </ClInclude>
    <ClInclude Include="TileMapData.h">
      <Filter>Tilemap</Filter>
    </ClInclude>
    <ClInclude Include="ISnowballCollisionNotifier.h">
      <Filter>Collisions</Filter>
    </ClInclude>
    <ClInclude Include="CollisionNotifier.h">
      <Filter>Collisions</Filter>
    </ClInclude>
    <ClInclude Include="CollisionHandler.h">
      <Filter>Collisions</Filter>
    </ClInclude>
    <ClInclude Include="ColliderType.h">
      <Filter>Collisions</Filter>
    </ClInclude>
    <ClInclude Include="Collider.h">
      <Filter>Collisions</Filter>
    </ClInclude>
    <ClInclude Include="IInput.h">
      <Filter>Input</Filter>
    </ClInclude>
    <ClInclude Include="Input.h">
      <Filter>Input</Filter>
    </ClInclude>
    <ClInclude Include="CharacterShooter.h">
      <Filter>Projectiles</Filter>
    </ClInclude>
    <ClInclude Include="Snowball.h">
      <Filter>Projectiles</Filter>
    </ClInclude>
    <ClInclude Include="Rect.h">
      <Filter>Util</Filter>
    </ClInclude>
    <ClInclude Include="IDrawable.h">
      <Filter>Util</Filter>
    </ClInclude>
    <ClInclude Include="IUpdatable.h">
      <Filter>Util</Filter>
    </ClInclude>
    <ClInclude Include="IShooter.h">
      <Filter>Projectiles</Filter>
    </ClInclude>
    <ClInclude Include="Present.h">
      <Filter>Presents</Filter>
    </ClInclude>
    <ClInclude Include="IPlacementGenerator.h">
      <Filter>Presents</Filter>
    </ClInclude>
    <ClInclude Include="PresentFactory.h">
      <Filter>Presents</Filter>
    </ClInclude>
    <ClInclude Include="RandomPlacementGenerator.h" />
  </ItemGroup>
  <ItemGroup>
    <Filter Include="template code">
      <UniqueIdentifier>{bf32dd6e-4be7-4889-8ac6-49e7ee163c40}</UniqueIdentifier>
    </Filter>
    <Filter Include="Character">
      <UniqueIdentifier>{f83c9cc6-31df-48b6-aac9-8aa13adb9410}</UniqueIdentifier>
    </Filter>
    <Filter Include="Tilemap">
      <UniqueIdentifier>{91a17dc5-e6df-4ace-abcf-2308a2d62b7a}</UniqueIdentifier>
    </Filter>
    <Filter Include="Collisions">
      <UniqueIdentifier>{b38a559d-c18c-4b60-9cc5-e08f8446c7f6}</UniqueIdentifier>
    </Filter>
    <Filter Include="Input">
      <UniqueIdentifier>{41cbd7dd-587b-46fd-97e0-308bc7962868}</UniqueIdentifier>
    </Filter>
    <Filter Include="Projectiles">
      <UniqueIdentifier>{0d98bd8a-9906-4db2-a14c-d16381b794d5}</UniqueIdentifier>
    </Filter>
    <Filter Include="Util">
      <UniqueIdentifier>{aad5668f-c9c0-4c9f-bd99-05f3908bb3da}</UniqueIdentifier>
    </Filter>
    <Filter Include="Presents">
      <UniqueIdentifier>{1c9b90c0-18a3-4bc1-bb50-e2f926246935}</UniqueIdentifier>
    </Filter>
  </ItemGroup>
  <ItemGroup>
    <Text Include="_readme.txt">
      <Filter>template code</Filter>
    </Text>
  </ItemGroup>
</Project>